{
    "_readme": [
        "This file locks the dependencies of your project to a known state",
        "Read more about it at https://getcomposer.org/doc/01-basic-usage.md#composer-lock-the-lock-file",
        "This file is @generated automatically"
    ],
    "hash": "aa873ffb6691c33f277735cd6782c510",
    "content-hash": "a55b4158d7bac5b93380f5de83062cb0",
    "packages": [
        {
            "name": "xiaoler/blade",
            "version": "0.2.2",
            "source": {
                "type": "git",
                "url": "https://github.com/XiaoLer/blade.git",
                "reference": "c09532871e148124b1e801eec91f81249e503d8a"
            },
            "dist": {
                "type": "zip",
                "url": "https://api.github.com/repos/XiaoLer/blade/zipball/c09532871e148124b1e801eec91f81249e503d8a",
                "reference": "c09532871e148124b1e801eec91f81249e503d8a",
                "shasum": ""
            },
            "require": {
                "php": ">=5.4.0"
            },
            "type": "library",
            "autoload": {
                "files": [
                    "src/helpers.php"
                ],
                "psr-4": {
                    "Xiaoler\\Blade\\": "src/"
                }
            },
            "notification-url": "https://packagist.org/downloads/",
            "license": [
                "MIT"
            ],
            "authors": [
                {
                    "name": "Scholer Liu",
                    "email": "scholer_l@live.com"
                }
            ],
            "description": "an independent version of laravel view template - blade",
            "homepage": "http://0x1.im",
            "time": "2015-10-24 14:05:20"
        }
    ],
    "packages-dev": [],
    "aliases": [],
    "minimum-stability": "stable",
    "stability-flags": [],
    "prefer-stable": false,
    "prefer-lowest": false,
    "platform": [],
    "platform-dev": []
}
